{
  "nodes": {
    "agda-stdlib": {
      "flake": false,
      "locked": {
        "lastModified": 1624249813,
        "narHash": "sha256-eNrJQ5cqmdHSW3xI5xKuYW1C9e9ElejqqmXPeVOjPO8=",
        "owner": "agda",
        "repo": "agda-stdlib",
        "rev": "231d2104238b10c78a76d5df09fc77635fb7c3a4",
        "type": "github"
      },
      "original": {
        "owner": "agda",
        "repo": "agda-stdlib",
        "type": "github"
      }
    },
    "flake-utils": {
      "locked": {
        "lastModified": 1623875721,
        "narHash": "sha256-A8BU7bjS5GirpAUv4QA+QnJ4CceLHkcXdRp4xITDB0s=",
        "owner": "numtide",
        "repo": "flake-utils",
        "rev": "f7e004a55b120c02ecb6219596820fcd32ca8772",
        "type": "github"
      },
      "original": {
        "owner": "numtide",
        "repo": "flake-utils",
        "type": "github"
      }
    },
    "flake-utils_2": {
      "locked": {
        "lastModified": 1614513358,
        "narHash": "sha256-LakhOx3S1dRjnh0b5Dg3mbZyH0ToC9I8Y2wKSkBaTzU=",
        "owner": "numtide",
        "repo": "flake-utils",
        "rev": "5466c5bbece17adaab2d82fae80b46e807611bf3",
        "type": "github"
      },
      "original": {
        "owner": "numtide",
        "repo": "flake-utils",
        "type": "github"
      }
    },
    "flake-utils_3": {
      "locked": {
        "lastModified": 1623875721,
        "narHash": "sha256-A8BU7bjS5GirpAUv4QA+QnJ4CceLHkcXdRp4xITDB0s=",
        "owner": "numtide",
        "repo": "flake-utils",
        "rev": "f7e004a55b120c02ecb6219596820fcd32ca8772",
        "type": "github"
      },
      "original": {
        "owner": "numtide",
        "repo": "flake-utils",
        "type": "github"
      }
    },
    "flake-utils_4": {
      "locked": {
        "lastModified": 1610051610,
        "narHash": "sha256-U9rPz/usA1/Aohhk7Cmc2gBrEEKRzcW4nwPWMPwja4Y=",
        "owner": "numtide",
        "repo": "flake-utils",
        "rev": "3982c9903e93927c2164caa727cd3f6a0e6d14cc",
        "type": "github"
      },
      "original": {
        "owner": "numtide",
        "repo": "flake-utils",
        "type": "github"
      }
    },
    "flake-utils_5": {
      "locked": {
        "lastModified": 1614513358,
        "narHash": "sha256-LakhOx3S1dRjnh0b5Dg3mbZyH0ToC9I8Y2wKSkBaTzU=",
        "owner": "numtide",
        "repo": "flake-utils",
        "rev": "5466c5bbece17adaab2d82fae80b46e807611bf3",
        "type": "github"
      },
      "original": {
        "owner": "numtide",
        "repo": "flake-utils",
        "type": "github"
      }
    },
    "home-manager": {
      "inputs": {
        "nixpkgs": "nixpkgs"
      },
      "locked": {
        "lastModified": 1625384440,
        "narHash": "sha256-WnDK+LZioER6eeC8Sm7GPvbiS6XPyUqn+qtc2lvjLHo=",
        "owner": "nix-community",
        "repo": "home-manager",
        "rev": "ac319fd3149b23a3ad8ee24cb2def6e67acf194c",
        "type": "github"
      },
      "original": {
        "owner": "nix-community",
        "repo": "home-manager",
        "type": "github"
      }
    },
    "idris-emacs-src": {
      "flake": false,
      "locked": {
        "lastModified": 1613351183,
        "narHash": "sha256-ngg48SzrR2LCtjle3WR3BOK86USRB0ZXmgXWu9EzQbo=",
        "owner": "redfish64",
        "repo": "idris2-mode",
        "rev": "77390611a934f13e03a45e9f8a4e476dd17a9c5b",
        "type": "github"
      },
      "original": {
        "owner": "redfish64",
        "repo": "idris2-mode",
        "type": "github"
      }
    },
    "idris2": {
      "inputs": {
        "flake-utils": "flake-utils_2",
        "idris-emacs-src": "idris-emacs-src",
        "nixpkgs": "nixpkgs_2"
      },
      "locked": {
        "lastModified": 1625311399,
        "narHash": "sha256-QaUkRgfIyhCw0mLPoObpAYtvoBUmxdl14a5Q7joHX+o=",
        "owner": "idris-lang",
        "repo": "Idris2",
        "rev": "4fdec0682ee2f1a975e770057f5dd6da8ecfe19c",
        "type": "github"
      },
      "original": {
        "owner": "idris-lang",
        "repo": "Idris2",
        "type": "github"
      }
    },
    "idris2-pkgs": {
      "inputs": {
        "flake-utils": "flake-utils_3",
        "idris2-src": "idris2-src",
        "nixpkgs": "nixpkgs_3"
      },
      "locked": {
        "lastModified": 1625101581,
        "narHash": "sha256-1jcw75prqb/9DSG9qUWQycTm1N/KtqO/zAb583iPxbI=",
        "owner": "claymager",
        "repo": "idris2-pkgs",
        "rev": "39609a1fa56334b7461694033c27912a29c0237a",
        "type": "github"
      },
      "original": {
        "owner": "claymager",
        "repo": "idris2-pkgs",
        "type": "github"
      }
    },
    "idris2-src": {
      "flake": false,
      "locked": {
        "lastModified": 1625087514,
        "narHash": "sha256-ujkB9GVSYoNVKmZaYw6BkEhSNNrg9/g2jiLJeui9ark=",
        "owner": "idris-lang",
        "repo": "idris2",
        "rev": "08fb38b7914de6721ca3d9633fbe0f942effd633",
        "type": "github"
      },
      "original": {
        "owner": "idris-lang",
        "repo": "idris2",
        "type": "github"
      }
    },
    "master": {
      "locked": {
        "lastModified": 1625388882,
        "narHash": "sha256-BX+FGHbmTG7kgQsGvEmD/Qu0RPSM5k6up9of9evp17Y=",
        "owner": "nixos",
        "repo": "nixpkgs",
        "rev": "bb936f71c68ff0af3338840786379a5e3993df33",
        "type": "github"
      },
      "original": {
        "owner": "nixos",
        "ref": "master",
        "repo": "nixpkgs",
        "type": "github"
      }
    },
    "my-xmonad": {
      "flake": false,
      "locked": {
        "dir": "xmonad",
        "lastModified": 1624763585,
        "narHash": "sha256-Bc0sCDGNwIe9fqk3PdWaRF+t/SAxeNAuIabnG89U0o0=",
        "owner": "auscyberman",
        "repo": "dotfiles",
        "rev": "538bba1121a0ec0f49ab3ae4055ce480569d1a39",
        "type": "github"
      },
      "original": {
        "dir": "xmonad",
        "owner": "auscyberman",
        "repo": "dotfiles",
        "type": "github"
      }
    },
    "naersk": {
      "inputs": {
        "nixpkgs": "nixpkgs_5"
      },
      "locked": {
        "lastModified": 1605267184,
        "narHash": "sha256-0FSNlq6nN0/W88fg5kTkgRhAOQ8pI+uSZqBG9w49pMM=",
        "owner": "nmattia",
        "repo": "naersk",
        "rev": "ce273fa593dcc94a629d0d869f07d96d2b337e37",
        "type": "github"
      },
      "original": {
        "owner": "nmattia",
        "repo": "naersk",
        "type": "github"
      }
    },
    "neovim": {
      "inputs": {
        "flake-utils": "flake-utils_4",
        "nixpkgs": "nixpkgs_4"
      },
      "locked": {
        "dir": "contrib",
        "lastModified": 1625382879,
        "narHash": "sha256-pi9EfFYaAdzCJuar24CT+nhkS29FCg2nufai1Qb0mZA=",
        "owner": "neovim",
        "repo": "neovim",
        "rev": "490615612ed5ec587c8023de28db495b3181de30",
        "type": "github"
      },
      "original": {
        "dir": "contrib",
        "owner": "neovim",
        "repo": "neovim",
        "type": "github"
      }
    },
    "nixpkgs": {
      "locked": {
        "lastModified": 1625388882,
        "narHash": "sha256-BX+FGHbmTG7kgQsGvEmD/Qu0RPSM5k6up9of9evp17Y=",
        "owner": "NixOS",
        "repo": "nixpkgs",
        "rev": "bb936f71c68ff0af3338840786379a5e3993df33",
        "type": "github"
      },
      "original": {
        "id": "nixpkgs",
        "type": "indirect"
      }
    },
    "nixpkgs_2": {
      "locked": {
        "lastModified": 1614810944,
        "narHash": "sha256-mDpk7kP5nRRMhXZDjGQUIoq+3mUgixPXt93md0fI46E=",
        "owner": "NixOS",
        "repo": "nixpkgs",
        "rev": "d485a4db259470c19872ef6bf13ef4a0c5b2bb3c",
        "type": "github"
      },
      "original": {
        "id": "nixpkgs",
        "type": "indirect"
      }
    },
    "nixpkgs_3": {
      "locked": {
        "lastModified": 1624969164,
        "narHash": "sha256-2XK8hGrOi8tpuYncxXrzpCQoUkaZOaZDo8Fznb+sOkI=",
        "owner": "NixOS",
        "repo": "nixpkgs",
        "rev": "86869ad7357f6bfcba6f09a67d8b94f07978abc8",
        "type": "github"
      },
      "original": {
        "id": "nixpkgs",
        "type": "indirect"
      }
    },
    "nixpkgs_4": {
      "locked": {
        "lastModified": 1613226215,
        "narHash": "sha256-3rA5cGIrBHD6yeKhNhsF7/t461ww25oJY8KyBb0IhjU=",
        "owner": "nixos",
        "repo": "nixpkgs",
        "rev": "ff96a0fa5635770390b184ae74debea75c3fd534",
        "type": "github"
      },
      "original": {
        "owner": "nixos",
        "ref": "nixos-unstable",
        "repo": "nixpkgs",
        "type": "github"
      }
    },
    "nixpkgs_5": {
      "locked": {
        "lastModified": 1605988311,
        "narHash": "sha256-PA+kgq46NApOAJlmBNJHs5DwsIrY+jodM0e4g7VtXyY=",
        "owner": "NixOS",
        "repo": "nixpkgs",
        "rev": "2247d824fe07f16325596acc7faa286502faffd1",
        "type": "github"
      },
      "original": {
        "id": "nixpkgs",
        "type": "indirect"
      }
    },
    "nixpkgs_6": {
      "locked": {
        "lastModified": 1605988311,
        "narHash": "sha256-PA+kgq46NApOAJlmBNJHs5DwsIrY+jodM0e4g7VtXyY=",
        "owner": "NixOS",
        "repo": "nixpkgs",
        "rev": "2247d824fe07f16325596acc7faa286502faffd1",
        "type": "github"
      },
      "original": {
        "id": "nixpkgs",
        "type": "indirect"
      }
    },
    "nixpkgs_7": {
      "locked": {
        "lastModified": 1617325113,
        "narHash": "sha256-GksR0nvGxfZ79T91UUtWjjccxazv6Yh/MvEJ82v1Xmw=",
        "owner": "nixos",
        "repo": "nixpkgs",
        "rev": "54c1e44240d8a527a8f4892608c4bce5440c3ecb",
        "type": "github"
      },
      "original": {
        "owner": "NixOS",
        "repo": "nixpkgs",
        "type": "github"
      }
    },
    "picom": {
      "flake": false,
      "locked": {
        "lastModified": 1624392023,
        "narHash": "sha256-JTBFQEGoEku4e8z6h8enWP+TUwCw/NRlNVoMLtyzZIQ=",
        "owner": "yshui",
        "repo": "picom",
        "rev": "e09679c7cf454740d9c517bf16625fcdc7466c4b",
        "type": "github"
      },
      "original": {
        "owner": "yshui",
        "repo": "picom",
        "type": "github"
      }
    },
    "rnix": {
      "inputs": {
        "naersk": "naersk",
        "nixpkgs": "nixpkgs_6",
        "utils": "utils"
      },
      "locked": {
        "lastModified": 1624126275,
        "narHash": "sha256-FAmvOFDf8yMNqw5SrxbxvFUovTrTmOOQ/nXXGa4yvH8=",
        "owner": "nix-community",
        "repo": "rnix-lsp",
        "rev": "e1ec7a064cdaa9a362561ab4a14dee60a4f84fbf",
        "type": "github"
      },
      "original": {
        "owner": "nix-community",
        "repo": "rnix-lsp",
        "type": "github"
      }
    },
    "root": {
      "inputs": {
        "agda-stdlib": "agda-stdlib",
        "flake-utils": "flake-utils",
        "home-manager": "home-manager",
        "idris2": "idris2",
        "idris2-pkgs": "idris2-pkgs",
        "master": "master",
        "my-xmonad": "my-xmonad",
        "neovim": "neovim",
        "nixpkgs": [
          "master"
        ],
        "picom": "picom",
        "rnix": "rnix",
        "rust-overlay": "rust-overlay",
        "stable": "stable",
        "unstable": "unstable",
        "xmonad": "xmonad",
        "xmonad-contrib": "xmonad-contrib"
      }
    },
    "rust-overlay": {
      "inputs": {
        "flake-utils": "flake-utils_5",
        "nixpkgs": "nixpkgs_7"
      },
      "locked": {
        "lastModified": 1625364738,
        "narHash": "sha256-TPlpEcywGnB8jNIPOlCqFVbioskGOpasrVhxdw0BHzA=",
        "owner": "oxalica",
        "repo": "rust-overlay",
        "rev": "f08a653d9d6bbf06b5cc5dd1e570f1c449acbcf3",
        "type": "github"
      },
      "original": {
        "owner": "oxalica",
        "repo": "rust-overlay",
        "type": "github"
      }
    },
    "stable": {
      "locked": {
        "lastModified": 1625176478,
        "narHash": "sha256-s1RTYNKw7ySyqrZjns9Cq+Nnjpp75ePgL06pgcbIpoA=",
        "owner": "nixos",
        "repo": "nixpkgs",
        "rev": "21b696caf392ad6fa513caf3327d0aa0430ffb72",
        "type": "github"
      },
      "original": {
        "owner": "nixos",
        "ref": "nixos-21.05",
        "repo": "nixpkgs",
        "type": "github"
      }
    },
    "unstable": {
      "locked": {
        "lastModified": 1625281901,
        "narHash": "sha256-DkZDtTIPzhXATqIps2ifNFpnI+PTcfMYdcrx/oFm00Q=",
        "owner": "nixos",
        "repo": "nixpkgs",
        "rev": "09c38c29f2c719cd76ca17a596c2fdac9e186ceb",
        "type": "github"
      },
      "original": {
        "owner": "nixos",
        "ref": "nixos-unstable",
        "repo": "nixpkgs",
        "type": "github"
      }
    },
    "utils": {
      "locked": {
        "lastModified": 1605370193,
        "narHash": "sha256-YyMTf3URDL/otKdKgtoMChu4vfVL3vCMkRqpGifhUn0=",
        "owner": "numtide",
        "repo": "flake-utils",
        "rev": "5021eac20303a61fafe17224c087f5519baed54d",
        "type": "github"
      },
      "original": {
        "owner": "numtide",
        "repo": "flake-utils",
        "type": "github"
      }
    },
    "xmonad": {
      "flake": false,
      "locked": {
        "lastModified": 1624763784,
        "narHash": "sha256-AzJTeVeBapm0l6JTahs5lHHB05AChb7ICe54/wfegpE=",
        "owner": "auscyberman",
        "repo": "xmonad",
        "rev": "9198f307eb2c5bce3751c4e7b91172ac6c18ffe0",
        "type": "github"
      },
      "original": {
        "owner": "auscyberman",
        "repo": "xmonad",
        "type": "github"
      }
    },
    "xmonad-contrib": {
      "flake": false,
      "locked": {
        "lastModified": 1624640092,
        "narHash": "sha256-BqNXRu2tJXRNRSWlqxxkPFBOvv1GjzUomXMmpTvKG48=",
        "owner": "auscyberman",
        "repo": "xmonad-contrib",
        "rev": "e30269fe96cb8d6498569e995835f66d78bceca1",
        "type": "github"
      },
      "original": {
        "owner": "auscyberman",
        "repo": "xmonad-contrib",
        "type": "github"
      }
    }
  },
  "root": "root",
  "version": 7
}
